
Microsoft Visual Studio Solution File, Format Version 12.00
# Visual Studio Version 17
VisualStudioVersion = 17.9.34728.123
MinimumVisualStudioVersion = 10.0.40219.1
Project("{9A19103F-16F7-4668-BE54-9A1E7A4F7556}") = "DAL", "DAL.csproj", "{725C443E-E2D3-42FB-B09A-40DD0E29ABAE}"
EndProject
Project("{9A19103F-16F7-4668-BE54-9A1E7A4F7556}") = "BusinessLogic", "..\BusinessLogic\BusinessLogic.csproj", "{27831915-A3F6-41E7-AB7D-4969745D93B6}"
	ProjectSection(ProjectDependencies) = postProject
		{725C443E-E2D3-42FB-B09A-40DD0E29ABAE} = {725C443E-E2D3-42FB-B09A-40DD0E29ABAE}
	EndProjectSection
EndProject
Project("{FAE04EC0-301F-11D3-BF4B-00C04F79EFBC}") = "WebApi", "..\WebApi\WebApi.csproj", "{5FFF1FF9-6FBE-44F5-84DA-8D1AA8ECF4F4}"
EndProject
Global
	GlobalSection(SolutionConfigurationPlatforms) = preSolution
		Debug|Any CPU = Debug|Any CPU
		Release|Any CPU = Release|Any CPU
	EndGlobalSection
	GlobalSection(ProjectConfigurationPlatforms) = postSolution
		{725C443E-E2D3-42FB-B09A-40DD0E29ABAE}.Debug|Any CPU.ActiveCfg = Debug|Any CPU
		{725C443E-E2D3-42FB-B09A-40DD0E29ABAE}.Debug|Any CPU.Build.0 = Debug|Any CPU
		{725C443E-E2D3-42FB-B09A-40DD0E29ABAE}.Release|Any CPU.ActiveCfg = Release|Any CPU
		{725C443E-E2D3-42FB-B09A-40DD0E29ABAE}.Release|Any CPU.Build.0 = Release|Any CPU
		{27831915-A3F6-41E7-AB7D-4969745D93B6}.Debug|Any CPU.ActiveCfg = Debug|Any CPU
		{27831915-A3F6-41E7-AB7D-4969745D93B6}.Debug|Any CPU.Build.0 = Debug|Any CPU
		{27831915-A3F6-41E7-AB7D-4969745D93B6}.Release|Any CPU.ActiveCfg = Release|Any CPU
		{27831915-A3F6-41E7-AB7D-4969745D93B6}.Release|Any CPU.Build.0 = Release|Any CPU
		{5FFF1FF9-6FBE-44F5-84DA-8D1AA8ECF4F4}.Debug|Any CPU.ActiveCfg = Debug|Any CPU
		{5FFF1FF9-6FBE-44F5-84DA-8D1AA8ECF4F4}.Debug|Any CPU.Build.0 = Debug|Any CPU
		{5FFF1FF9-6FBE-44F5-84DA-8D1AA8ECF4F4}.Release|Any CPU.ActiveCfg = Release|Any CPU
		{5FFF1FF9-6FBE-44F5-84DA-8D1AA8ECF4F4}.Release|Any CPU.Build.0 = Release|Any CPU
	EndGlobalSection
	GlobalSection(SolutionProperties) = preSolution
		HideSolutionNode = FALSE
	EndGlobalSection
	GlobalSection(ExtensibilityGlobals) = postSolution
		SolutionGuid = {BEC67A13-4F23-468C-AC9E-66807DC109F7}
	EndGlobalSection
EndGlobal
